
Microsoft Visual Studio Solution File, Format Version 12.00
# Visual Studio Version 17
VisualStudioVersion = 17.9.34701.34
MinimumVisualStudioVersion = 10.0.40219.1
Project("{FAE04EC0-301F-11D3-BF4B-00C04F79EFBC}") = "Socet Server1", "Socet Server1\Socet Server1.csproj", "{176CDDEB-5765-4D86-9BBC-1DF0AAE401B2}"
EndProject
Project("{9A19103F-16F7-4668-BE54-9A1E7A4F7556}") = "Socet Client", "Socket Client\Socet Client.csproj", "{C35F0980-403B-460C-B04F-50FAA9B41A78}"
EndProject
Global
	GlobalSection(SolutionConfigurationPlatforms) = preSolution
		Debug|Any CPU = Debug|Any CPU
		Release|Any CPU = Release|Any CPU
	EndGlobalSection
	GlobalSection(ProjectConfigurationPlatforms) = postSolution
		{176CDDEB-5765-4D86-9BBC-1DF0AAE401B2}.Debug|Any CPU.ActiveCfg = Debug|Any CPU
		{176CDDEB-5765-4D86-9BBC-1DF0AAE401B2}.Debug|Any CPU.Build.0 = Debug|Any CPU
		{176CDDEB-5765-4D86-9BBC-1DF0AAE401B2}.Release|Any CPU.ActiveCfg = Release|Any CPU
		{176CDDEB-5765-4D86-9BBC-1DF0AAE401B2}.Release|Any CPU.Build.0 = Release|Any CPU
		{C35F0980-403B-460C-B04F-50FAA9B41A78}.Debug|Any CPU.ActiveCfg = Debug|Any CPU
		{C35F0980-403B-460C-B04F-50FAA9B41A78}.Debug|Any CPU.Build.0 = Debug|Any CPU
		{C35F0980-403B-460C-B04F-50FAA9B41A78}.Release|Any CPU.ActiveCfg = Release|Any CPU
		{C35F0980-403B-460C-B04F-50FAA9B41A78}.Release|Any CPU.Build.0 = Release|Any CPU
	EndGlobalSection
	GlobalSection(SolutionProperties) = preSolution
		HideSolutionNode = FALSE
	EndGlobalSection
	GlobalSection(ExtensibilityGlobals) = postSolution
		SolutionGuid = {33C8B9EA-FA73-4910-9F18-09E895FA4B71}
	EndGlobalSection
EndGlobal
